
Microsoft Visual Studio Solution File, Format Version 12.00
# Visual Studio Version 16
VisualStudioVersion = 16.0.30517.126
MinimumVisualStudioVersion = 10.0.40219.1
Project("{8BC9CEB8-8B4A-11D0-8D11-00A0C91BC942}") = "CatanGame", "CatanGame\CatanGame.vcxproj", "{853AB4BD-DE78-40A2-9A2A-A18DA5024655}"
EndProject
Project("{8BC9CEB8-8B4A-11D0-8D11-00A0C91BC942}") = "CatanGameClient", "CatanGameClient\CatanGameClient.vcxproj", "{128902FC-B7B0-4488-941B-D73171C4D0DD}"
EndProject
Project("{8BC9CEB8-8B4A-11D0-8D11-00A0C91BC942}") = "CatanLib", "CatanLib\CatanLib.vcxproj", "{389C939E-8C48-492B-ADA2-284C3DF00CD0}"
EndProject
Global
	GlobalSection(SolutionConfigurationPlatforms) = preSolution
		Debug|x64 = Debug|x64
		Debug|x86 = Debug|x86
		Release|x64 = Release|x64
		Release|x86 = Release|x86
	EndGlobalSection
	GlobalSection(ProjectConfigurationPlatforms) = postSolution
		{853AB4BD-DE78-40A2-9A2A-A18DA5024655}.Debug|x64.ActiveCfg = Debug|x64
		{853AB4BD-DE78-40A2-9A2A-A18DA5024655}.Debug|x64.Build.0 = Debug|x64
		{853AB4BD-DE78-40A2-9A2A-A18DA5024655}.Debug|x86.ActiveCfg = Debug|Win32
		{853AB4BD-DE78-40A2-9A2A-A18DA5024655}.Debug|x86.Build.0 = Debug|Win32
		{853AB4BD-DE78-40A2-9A2A-A18DA5024655}.Release|x64.ActiveCfg = Release|x64
		{853AB4BD-DE78-40A2-9A2A-A18DA5024655}.Release|x64.Build.0 = Release|x64
		{853AB4BD-DE78-40A2-9A2A-A18DA5024655}.Release|x86.ActiveCfg = Release|Win32
		{853AB4BD-DE78-40A2-9A2A-A18DA5024655}.Release|x86.Build.0 = Release|Win32
		{128902FC-B7B0-4488-941B-D73171C4D0DD}.Debug|x64.ActiveCfg = Debug|x64
		{128902FC-B7B0-4488-941B-D73171C4D0DD}.Debug|x64.Build.0 = Debug|x64
		{128902FC-B7B0-4488-941B-D73171C4D0DD}.Debug|x86.ActiveCfg = Debug|Win32
		{128902FC-B7B0-4488-941B-D73171C4D0DD}.Debug|x86.Build.0 = Debug|Win32
		{128902FC-B7B0-4488-941B-D73171C4D0DD}.Release|x64.ActiveCfg = Release|x64
		{128902FC-B7B0-4488-941B-D73171C4D0DD}.Release|x64.Build.0 = Release|x64
		{128902FC-B7B0-4488-941B-D73171C4D0DD}.Release|x86.ActiveCfg = Release|Win32
		{128902FC-B7B0-4488-941B-D73171C4D0DD}.Release|x86.Build.0 = Release|Win32
		{389C939E-8C48-492B-ADA2-284C3DF00CD0}.Debug|x64.ActiveCfg = Debug|x64
		{389C939E-8C48-492B-ADA2-284C3DF00CD0}.Debug|x64.Build.0 = Debug|x64
		{389C939E-8C48-492B-ADA2-284C3DF00CD0}.Debug|x86.ActiveCfg = Debug|Win32
		{389C939E-8C48-492B-ADA2-284C3DF00CD0}.Debug|x86.Build.0 = Debug|Win32
		{389C939E-8C48-492B-ADA2-284C3DF00CD0}.Release|x64.ActiveCfg = Release|x64
		{389C939E-8C48-492B-ADA2-284C3DF00CD0}.Release|x64.Build.0 = Release|x64
		{389C939E-8C48-492B-ADA2-284C3DF00CD0}.Release|x86.ActiveCfg = Release|Win32
		{389C939E-8C48-492B-ADA2-284C3DF00CD0}.Release|x86.Build.0 = Release|Win32
	EndGlobalSection
	GlobalSection(SolutionProperties) = preSolution
		HideSolutionNode = FALSE
	EndGlobalSection
	GlobalSection(ExtensibilityGlobals) = postSolution
		SolutionGuid = {CD097FAF-28D7-414B-9D3E-C7999121FCB8}
	EndGlobalSection
EndGlobal
